
Microsoft Visual Studio Solution File, Format Version 12.00
# Visual Studio Express 2012 for Windows Desktop
Project("{FAE04EC0-301F-11D3-BF4B-00C04F79EFBC}") = "MyRevisionHelper", "MyRevisionHelper\MyRevisionHelper.csproj", "{EABFC9A8-9C01-4850-8193-88C2DBC16DA6}"
EndProject
Global
	GlobalSection(SolutionConfigurationPlatforms) = preSolution
		Debug|Any CPU = Debug|Any CPU
		Release|Any CPU = Release|Any CPU
	EndGlobalSection
	GlobalSection(ProjectConfigurationPlatforms) = postSolution
		{EABFC9A8-9C01-4850-8193-88C2DBC16DA6}.Debug|Any CPU.ActiveCfg = Debug|Any CPU
		{EABFC9A8-9C01-4850-8193-88C2DBC16DA6}.Debug|Any CPU.Build.0 = Debug|Any CPU
		{EABFC9A8-9C01-4850-8193-88C2DBC16DA6}.Release|Any CPU.ActiveCfg = Release|Any CPU
		{EABFC9A8-9C01-4850-8193-88C2DBC16DA6}.Release|Any CPU.Build.0 = Release|Any CPU
	EndGlobalSection
	GlobalSection(SolutionProperties) = preSolution
		HideSolutionNode = FALSE
	EndGlobalSection
EndGlobal
